{
  "version": "1.0.0",
  "lockfileVersion": 1,
  "packages": {
    "@prpm/creating-skills-skill": {
      "version": "1.0.3",
      "resolved": "https://registry.prpm.dev/api/v1/packages/%40prpm%2Fcreating-skills-skill/1.0.3.tar.gz",
      "integrity": "sha256-ff3044675a4b62b3dff77ae2cf796603a21ded7998d41f0bca3db0f97b3bfa01",
      "format": "claude",
      "subtype": "skill",
      "installedPath": ".claude/skills/creating-skills-skill/SKILL.md"
    },
    "@wshobson/agents/frontend-mobile-development/frontend-developer": {
      "version": "1.0.0",
      "resolved": "https://registry.prpm.dev/api/v1/packages/%40wshobson%2Fagents%2Ffrontend-mobile-development%2Ffrontend-developer/1.0.0.tar.gz",
      "integrity": "sha256-8a431e5dd02496c9273b0638e35707c8440e977a2ddc245398cdb536736de312",
      "format": "claude",
      "subtype": "agent",
      "installedPath": ".cursor/agents/frontend-developer.mdc",
      "fromCollection": {
        "scope": "collection",
        "name_slug": "frontend-mobile-development",
        "version": "1.0.0"
      }
    },
    "@wshobson/agents/frontend-mobile-development/mobile-developer": {
      "version": "1.0.0",
      "resolved": "https://registry.prpm.dev/api/v1/packages/%40wshobson%2Fagents%2Ffrontend-mobile-development%2Fmobile-developer/1.0.0.tar.gz",
      "integrity": "sha256-3bdf29b79ddb15304b9b7651e51dd73b089d0d8bbe4a55daaea170b7252a6042",
      "format": "claude",
      "subtype": "agent",
      "installedPath": ".cursor/agents/mobile-developer.mdc",
      "fromCollection": {
        "scope": "collection",
        "name_slug": "frontend-mobile-development",
        "version": "1.0.0"
      }
    },
    "@sanjeed5/angular": {
      "version": "1.0.0",
      "resolved": "https://registry.prpm.dev/api/v1/packages/%40sanjeed5%2Fangular/1.0.0.tar.gz",
      "integrity": "sha256-3bad0b20d48922aadb21100b3f73db86183034a2392594ff4ddd1fa890b35b8f",
      "format": "cursor",
      "subtype": "rule",
      "installedPath": ".claude/agents/angular.md"
    },
    "@obra/skill-testing-anti-patterns": {
      "version": "1.0.0",
      "resolved": "https://registry.prpm.dev/api/v1/packages/%40obra%2Fskill-testing-anti-patterns/1.0.0.tar.gz",
      "integrity": "sha256-0a6aa537fb675b2364bbf6aea41190a28155cf9b8904fa8184505499b71f080e",
      "format": "claude",
      "subtype": "skill",
      "installedPath": ".claude/skills/skill-testing-anti-patterns/SKILL.md"
    },
    "@obra/skill-systematic-debugging": {
      "version": "1.0.0",
      "resolved": "https://registry.prpm.dev/api/v1/packages/%40obra%2Fskill-systematic-debugging/1.0.0.tar.gz",
      "integrity": "sha256-56b03f9510dbb74b84eb6bbb9f7960023b372b17d6eb91241f5c49697868e9ac",
      "format": "claude",
      "subtype": "skill",
      "installedPath": ".claude/skills/skill-systematic-debugging/SKILL.md"
    },
    "@obra/skill-condition-based-waiting": {
      "version": "1.0.0",
      "resolved": "https://registry.prpm.dev/api/v1/packages/%40obra%2Fskill-condition-based-waiting/1.0.0.tar.gz",
      "integrity": "sha256-898bd1be4f698410e0f5e41209d54e30b47ddeb3667755b3ffcad56d0f12c292",
      "format": "claude",
      "subtype": "skill",
      "installedPath": ".claude/skills/skill-condition-based-waiting/SKILL.md"
    },
    "@obra/skill-requesting-code-review": {
      "version": "1.0.0",
      "resolved": "https://registry.prpm.dev/api/v1/packages/%40obra%2Fskill-requesting-code-review/1.0.0.tar.gz",
      "integrity": "sha256-a32b0d7bba61c4ab0a22b75762e1bc5d5e9d8a4593c5ec551a95f1ee206a7272",
      "format": "claude",
      "subtype": "skill",
      "installedPath": ".claude/skills/skill-requesting-code-review/SKILL.md"
    },
    "@obra/skill-finishing-a-development-branch": {
      "version": "1.0.0",
      "resolved": "https://registry.prpm.dev/api/v1/packages/%40obra%2Fskill-finishing-a-development-branch/1.0.0.tar.gz",
      "integrity": "sha256-e731fa00a20e672a24becccada7bc0d21153cb1dfa52c6b09c7c2380bddc68b3",
      "format": "claude",
      "subtype": "skill",
      "installedPath": ".claude/skills/skill-finishing-a-development-branch/SKILL.md"
    },
    "@wshobson/agents/accessibility-compliance/ui-visual-validator": {
      "version": "1.0.0",
      "resolved": "https://registry.prpm.dev/api/v1/packages/%40wshobson%2Fagents%2Faccessibility-compliance%2Fui-visual-validator/1.0.0.tar.gz",
      "integrity": "sha256-bc9153bc33cd0a5e02912b6b89415a3894499e8237f83ade793327e82da3e678",
      "format": "claude",
      "subtype": "agent",
      "installedPath": ".claude/agents/ui-visual-validator.md"
    },
    "@prpm/github-actions-testing-skill": {
      "version": "1.0.3",
      "resolved": "https://registry.prpm.dev/api/v1/packages/%40prpm%2Fgithub-actions-testing-skill/1.0.3.tar.gz",
      "integrity": "sha256-1d6d2bf8404d4fad8a77e0a46b26cce0d4f4af676bafff7577813c7709fdb3fb",
      "format": "claude",
      "subtype": "skill",
      "installedPath": ".claude/skills/github-actions-testing-skill/SKILL.md"
    },
    "@prpm/self-improving-skill": {
      "version": "1.0.4",
      "resolved": "https://registry.prpm.dev/api/v1/packages/%40prpm%2Fself-improving-skill/1.0.4.tar.gz",
      "integrity": "sha256-48752efd6765bf92f03a0aa1a15c45808484d7d96bf18d3eeaa4d03a41f86f79",
      "format": "claude",
      "subtype": "skill",
      "installedPath": ".claude/skills/self-improving-skill/SKILL.md"
    }
  },
  "generated": "2025-11-04T05:28:06.407Z",
  "collections": {
    "@collection/frontend-mobile-development": {
      "scope": "collection",
      "name_slug": "frontend-mobile-development",
      "version": "1.0.0",
      "installedAt": "2025-11-04T03:24:37.148Z",
      "packages": [
        "@wshobson/agents/frontend-mobile-development/frontend-developer",
        "@wshobson/agents/frontend-mobile-development/mobile-developer"
      ]
    }
  }
}